<?xml version="1.0" encoding="utf-8"?>
<Project ToolsVersion="4.0" xmlns="http://schemas.microsoft.com/developer/msbuild/2003">
  <ItemGroup>
    <ClInclude Include="project.md" />
    <ClInclude Include="Math.h">
      <Filter>Uilts</Filter>
    </ClInclude>
    <ClInclude Include="GameWorld.h">
      <Filter>Game</Filter>
    </ClInclude>
    <ClInclude Include="Singleton.h">
      <Filter>Uilts</Filter>
    </ClInclude>
    <ClInclude Include="VertexArray.h">
      <Filter>Engine\Graphics</Filter>
    </ClInclude>
    <ClInclude Include="Mesh.h">
      <Filter>Engine\Graphics</Filter>
    </ClInclude>
    <ClInclude Include="Texture.h">
      <Filter>Engine\Graphics</Filter>
    </ClInclude>
    <ClInclude Include="Shader.h">
      <Filter>Engine\Graphics</Filter>
    </ClInclude>
    <ClInclude Include="Actor.h">
      <Filter>Game\Actor</Filter>
    </ClInclude>
    <ClInclude Include="Model.h">
      <Filter>Engine\Graphics</Filter>
    </ClInclude>
    <ClInclude Include="Component.h">
      <Filter>Game\Component</Filter>
    </ClInclude>
    <ClInclude Include="Macro.h">
      <Filter>Engine\Core</Filter>
    </ClInclude>
    <ClInclude Include="Renderer.h">
      <Filter>Engine\Core</Filter>
    </ClInclude>
    <ClInclude Include="CameraActor.h">
      <Filter>Game\Actor</Filter>
    </ClInclude>
    <ClInclude Include="MeshComponent.h">
      <Filter>Game\Component</Filter>
    </ClInclude>
    <ClInclude Include="TestActor.h">
      <Filter>Test</Filter>
    </ClInclude>
    <ClInclude Include="GameInstance.h">
      <Filter>Game</Filter>
    </ClInclude>
    <ClInclude Include="GameEngine.h">
      <Filter>Engine\Core</Filter>
    </ClInclude>
    <ClInclude Include="GameGlobals.h">
      <Filter>Uilts</Filter>
    </ClInclude>
    <ClInclude Include="TestGameWorld.h">
      <Filter>Test</Filter>
    </ClInclude>
    <ClInclude Include="ImGuiActor.h">
      <Filter>Test</Filter>
    </ClInclude>
    <ClInclude Include="DirectionalLight.h">
      <Filter>Game\Light</Filter>
    </ClInclude>
  </ItemGroup>
  <ItemGroup>
    <ClCompile Include="main.cpp" />
    <ClCompile Include="Math.cpp">
      <Filter>Uilts</Filter>
    </ClCompile>
    <ClCompile Include="GameWorld.cpp">
      <Filter>Game</Filter>
    </ClCompile>
    <ClCompile Include="Singleton.cpp">
      <Filter>Uilts</Filter>
    </ClCompile>
    <ClCompile Include="VertexArray.cpp">
      <Filter>Engine\Graphics</Filter>
    </ClCompile>
    <ClCompile Include="Mesh.cpp">
      <Filter>Engine\Graphics</Filter>
    </ClCompile>
    <ClCompile Include="Texture.cpp">
      <Filter>Engine\Graphics</Filter>
    </ClCompile>
    <ClCompile Include="Shader.cpp">
      <Filter>Engine\Graphics</Filter>
    </ClCompile>
    <ClCompile Include="Actor.cpp">
      <Filter>Game\Actor</Filter>
    </ClCompile>
    <ClCompile Include="Model.cpp">
      <Filter>Engine\Graphics</Filter>
    </ClCompile>
    <ClCompile Include="Component.cpp">
      <Filter>Game\Component</Filter>
    </ClCompile>
    <ClCompile Include="Renderer.cpp">
      <Filter>Engine\Core</Filter>
    </ClCompile>
    <ClCompile Include="CameraActor.cpp">
      <Filter>Game\Actor</Filter>
    </ClCompile>
    <ClCompile Include="MeshComponent.cpp">
      <Filter>Game\Component</Filter>
    </ClCompile>
    <ClCompile Include="TestActor.cpp">
      <Filter>Test</Filter>
    </ClCompile>
    <ClCompile Include="GameInstance.cpp">
      <Filter>Game</Filter>
    </ClCompile>
    <ClCompile Include="GameEngine.cpp">
      <Filter>Engine\Core</Filter>
    </ClCompile>
    <ClCompile Include="GameGlobals.cpp">
      <Filter>Uilts</Filter>
    </ClCompile>
    <ClCompile Include="TestGameWorld.cpp">
      <Filter>Test</Filter>
    </ClCompile>
    <ClCompile Include="..\include\imgui\imgui_tables.cpp">
      <Filter>Uilts\Source\imgui</Filter>
    </ClCompile>
    <ClCompile Include="..\include\imgui\imgui_widgets.cpp">
      <Filter>Uilts\Source\imgui</Filter>
    </ClCompile>
    <ClCompile Include="..\include\imgui\imgui.cpp">
      <Filter>Uilts\Source\imgui</Filter>
    </ClCompile>
    <ClCompile Include="..\include\imgui\imgui_demo.cpp">
      <Filter>Uilts\Source\imgui</Filter>
    </ClCompile>
    <ClCompile Include="..\include\imgui\imgui_draw.cpp">
      <Filter>Uilts\Source\imgui</Filter>
    </ClCompile>
    <ClCompile Include="..\include\imgui\imgui_impl_glfw.cpp">
      <Filter>Uilts\Source\imgui</Filter>
    </ClCompile>
    <ClCompile Include="..\include\imgui\imgui_impl_opengl3.cpp">
      <Filter>Uilts\Source\imgui</Filter>
    </ClCompile>
    <ClCompile Include="ImGuiActor.cpp">
      <Filter>Test</Filter>
    </ClCompile>
    <ClCompile Include="DirectionalLight.cpp">
      <Filter>Game\Light</Filter>
    </ClCompile>
  </ItemGroup>
  <ItemGroup>
    <Filter Include="Game">
      <UniqueIdentifier>{25ad2994-4998-4866-897c-981d931cce8b}</UniqueIdentifier>
    </Filter>
    <Filter Include="Uilts">
      <UniqueIdentifier>{c349ff2a-2b93-4bf3-8a66-875b7b5427fa}</UniqueIdentifier>
    </Filter>
    <Filter Include="Engine">
      <UniqueIdentifier>{37dfde8b-9dde-4ace-a35b-a35fc856a9e3}</UniqueIdentifier>
    </Filter>
    <Filter Include="Engine\Core">
      <UniqueIdentifier>{d6c660b7-8210-4688-85f0-9f0cdd12e8bd}</UniqueIdentifier>
    </Filter>
    <Filter Include="Engine\Graphics">
      <UniqueIdentifier>{e1c662fa-1d53-4fc4-a991-9b7f2c0d6bbc}</UniqueIdentifier>
    </Filter>
    <Filter Include="Engine\Physics">
      <UniqueIdentifier>{f9b438ef-9f0b-4dec-a6ae-9bc5b3068fea}</UniqueIdentifier>
    </Filter>
    <Filter Include="Engine\Sound">
      <UniqueIdentifier>{01b6f0e0-2a1c-48a2-90fb-aeafae7d5fd2}</UniqueIdentifier>
    </Filter>
    <Filter Include="Game\Actor">
      <UniqueIdentifier>{9a6e89a3-4fbe-42d5-acf6-70cb5c7cc775}</UniqueIdentifier>
    </Filter>
    <Filter Include="Shaders">
      <UniqueIdentifier>{8f47a5c2-0005-4871-997d-31e32b945187}</UniqueIdentifier>
    </Filter>
    <Filter Include="Game\Component">
      <UniqueIdentifier>{cd74f3c6-9421-4c98-8092-211e28cf0208}</UniqueIdentifier>
    </Filter>
    <Filter Include="Test">
      <UniqueIdentifier>{df685c9e-b7ac-4c6c-8c19-81740714e943}</UniqueIdentifier>
    </Filter>
    <Filter Include="Uilts\Source">
      <UniqueIdentifier>{89288f0b-c1dc-4cb4-be8e-f8ce05b0c3f9}</UniqueIdentifier>
    </Filter>
    <Filter Include="Uilts\Source\imgui">
      <UniqueIdentifier>{76febe6b-6475-4865-93b8-66edc77ba25d}</UniqueIdentifier>
    </Filter>
    <Filter Include="Game\Light">
      <UniqueIdentifier>{88a86c24-f7ec-4bdb-a293-d365686cd8cd}</UniqueIdentifier>
    </Filter>
  </ItemGroup>
  <ItemGroup>
    <None Include="Shaders\base.frag">
      <Filter>Shaders</Filter>
    </None>
    <None Include="Shaders\base.vert">
      <Filter>Shaders</Filter>
    </None>
    <None Include="Shaders\phong.frag">
      <Filter>Shaders</Filter>
    </None>
  </ItemGroup>
</Project>